{
  "name": "string-reverse-123",
  "version": "1.0.0",
  "lockfileVersion": 2,
  "requires": true,
  "packages": {
    "": {
      "name": "string-reverse-123",
      "version": "1.0.0",
      "license": "ISC",
      "dependencies": {
        "string-reverse-123": "^1.0.0"
      }
    },
    "node_modules/string-reverse-123": {
      "version": "1.0.0",
      "resolved": "https://registry.npmjs.org/string-reverse-123/-/string-reverse-123-1.0.0.tgz",
      "integrity": "sha512-kH6oLPZoBkIprvfnImLhKlfcfceYeyASGNG8GSWTZq7RtkLtIUMdq0taCFR5klGvWmPOD9/ErXR1ORlt573ewQ=="
    }
  },
  "dependencies": {
    "string-reverse-123": {
      "version": "1.0.0",
      "resolved": "https://registry.npmjs.org/string-reverse-123/-/string-reverse-123-1.0.0.tgz",
      "integrity": "sha512-kH6oLPZoBkIprvfnImLhKlfcfceYeyASGNG8GSWTZq7RtkLtIUMdq0taCFR5klGvWmPOD9/ErXR1ORlt573ewQ=="
    }
  }
}
